
Microsoft Visual Studio Solution File, Format Version 12.00
# Visual Studio Version 17
VisualStudioVersion = 17.11.35431.28
MinimumVisualStudioVersion = 10.0.40219.1
Project("{9A19103F-16F7-4668-BE54-9A1E7A4F7556}") = "API", "..\API\API.csproj", "{0F6B0D99-9E87-4E5B-BF01-E8278AEB4C12}"
EndProject
Project("{9A19103F-16F7-4668-BE54-9A1E7A4F7556}") = "Domain", "..\Domain\Domain.csproj", "{9514EE5C-6E1E-4DF9-ACA8-1150D552B615}"
EndProject
Project("{9A19103F-16F7-4668-BE54-9A1E7A4F7556}") = "Application", "..\Application\Application.csproj", "{4DB5E20B-7E80-4EEC-B202-86C2D229B494}"
EndProject
Project("{9A19103F-16F7-4668-BE54-9A1E7A4F7556}") = "Persistence", "..\Persistence\Persistence.csproj", "{D85FB4A5-E8F6-4093-8E27-3C0E06DA0685}"
EndProject
Project("{9A19103F-16F7-4668-BE54-9A1E7A4F7556}") = "UnitTest", "UnitTest\UnitTest.csproj", "{0C89F8F3-373D-4211-9023-1E455ACC1F8E}"
EndProject
Project("{2150E333-8FDC-42A3-9474-1A3956D46DE8}") = "Solution Items", "Solution Items", "{98369C4A-F088-4FFE-9197-DC630DD39CB6}"
	ProjectSection(SolutionItems) = preProject
		.gitignore = .gitignore
	EndProjectSection
EndProject
Global
	GlobalSection(SolutionConfigurationPlatforms) = preSolution
		Debug|Any CPU = Debug|Any CPU
		Release|Any CPU = Release|Any CPU
	EndGlobalSection
	GlobalSection(ProjectConfigurationPlatforms) = postSolution
		{0F6B0D99-9E87-4E5B-BF01-E8278AEB4C12}.Debug|Any CPU.ActiveCfg = Debug|Any CPU
		{0F6B0D99-9E87-4E5B-BF01-E8278AEB4C12}.Debug|Any CPU.Build.0 = Debug|Any CPU
		{0F6B0D99-9E87-4E5B-BF01-E8278AEB4C12}.Release|Any CPU.ActiveCfg = Release|Any CPU
		{0F6B0D99-9E87-4E5B-BF01-E8278AEB4C12}.Release|Any CPU.Build.0 = Release|Any CPU
		{9514EE5C-6E1E-4DF9-ACA8-1150D552B615}.Debug|Any CPU.ActiveCfg = Debug|Any CPU
		{9514EE5C-6E1E-4DF9-ACA8-1150D552B615}.Debug|Any CPU.Build.0 = Debug|Any CPU
		{9514EE5C-6E1E-4DF9-ACA8-1150D552B615}.Release|Any CPU.ActiveCfg = Release|Any CPU
		{9514EE5C-6E1E-4DF9-ACA8-1150D552B615}.Release|Any CPU.Build.0 = Release|Any CPU
		{4DB5E20B-7E80-4EEC-B202-86C2D229B494}.Debug|Any CPU.ActiveCfg = Debug|Any CPU
		{4DB5E20B-7E80-4EEC-B202-86C2D229B494}.Debug|Any CPU.Build.0 = Debug|Any CPU
		{4DB5E20B-7E80-4EEC-B202-86C2D229B494}.Release|Any CPU.ActiveCfg = Release|Any CPU
		{4DB5E20B-7E80-4EEC-B202-86C2D229B494}.Release|Any CPU.Build.0 = Release|Any CPU
		{D85FB4A5-E8F6-4093-8E27-3C0E06DA0685}.Debug|Any CPU.ActiveCfg = Debug|Any CPU
		{D85FB4A5-E8F6-4093-8E27-3C0E06DA0685}.Debug|Any CPU.Build.0 = Debug|Any CPU
		{D85FB4A5-E8F6-4093-8E27-3C0E06DA0685}.Release|Any CPU.ActiveCfg = Release|Any CPU
		{D85FB4A5-E8F6-4093-8E27-3C0E06DA0685}.Release|Any CPU.Build.0 = Release|Any CPU
		{0C89F8F3-373D-4211-9023-1E455ACC1F8E}.Debug|Any CPU.ActiveCfg = Debug|Any CPU
		{0C89F8F3-373D-4211-9023-1E455ACC1F8E}.Debug|Any CPU.Build.0 = Debug|Any CPU
		{0C89F8F3-373D-4211-9023-1E455ACC1F8E}.Release|Any CPU.ActiveCfg = Release|Any CPU
		{0C89F8F3-373D-4211-9023-1E455ACC1F8E}.Release|Any CPU.Build.0 = Release|Any CPU
	EndGlobalSection
	GlobalSection(SolutionProperties) = preSolution
		HideSolutionNode = FALSE
	EndGlobalSection
	GlobalSection(ExtensibilityGlobals) = postSolution
		SolutionGuid = {146EEED9-BC62-4E53-85F4-B7BB91E87ACE}
	EndGlobalSection
EndGlobal
